
Microsoft Visual Studio Solution File, Format Version 12.00
# Visual Studio Version 17
VisualStudioVersion = 17.5.002.0
MinimumVisualStudioVersion = 10.0.40219.1
Project("{9A19103F-16F7-4668-BE54-9A1E7A4F7556}") = "NorthPoleGiftSystem", "NorthPoleGiftSystem.csproj", "{45DD1A35-7DC2-46A2-A1EA-92CD175AFE4E}"
EndProject
Global
	GlobalSection(SolutionConfigurationPlatforms) = preSolution
		Debug|Any CPU = Debug|Any CPU
		Release|Any CPU = Release|Any CPU
	EndGlobalSection
	GlobalSection(ProjectConfigurationPlatforms) = postSolution
		{45DD1A35-7DC2-46A2-A1EA-92CD175AFE4E}.Debug|Any CPU.ActiveCfg = Debug|Any CPU
		{45DD1A35-7DC2-46A2-A1EA-92CD175AFE4E}.Debug|Any CPU.Build.0 = Debug|Any CPU
		{45DD1A35-7DC2-46A2-A1EA-92CD175AFE4E}.Release|Any CPU.ActiveCfg = Release|Any CPU
		{45DD1A35-7DC2-46A2-A1EA-92CD175AFE4E}.Release|Any CPU.Build.0 = Release|Any CPU
	EndGlobalSection
	GlobalSection(SolutionProperties) = preSolution
		HideSolutionNode = FALSE
	EndGlobalSection
	GlobalSection(ExtensibilityGlobals) = postSolution
		SolutionGuid = {E6F907B3-CF41-478F-AFA5-D71F3F5F3A8A}
	EndGlobalSection
EndGlobal
